
Microsoft Visual Studio Solution File, Format Version 12.00
# Visual Studio Version 16
VisualStudioVersion = 16.0.810.17
MinimumVisualStudioVersion = 10.0.40219.1
Project("{FAE04EC0-301F-11D3-BF4B-00C04F79EFBC}") = "TradeReport", "TradeReport.csproj", "{4CA3BC1C-F2D6-43A9-BEEC-12B0E4C11EF6}"
EndProject
Global
	GlobalSection(SolutionConfigurationPlatforms) = preSolution
		Debug|Any CPU = Debug|Any CPU
		Release|Any CPU = Release|Any CPU
	EndGlobalSection
	GlobalSection(ProjectConfigurationPlatforms) = postSolution
		{4CA3BC1C-F2D6-43A9-BEEC-12B0E4C11EF6}.Debug|Any CPU.ActiveCfg = Debug|Any CPU
		{4CA3BC1C-F2D6-43A9-BEEC-12B0E4C11EF6}.Debug|Any CPU.Build.0 = Debug|Any CPU
		{4CA3BC1C-F2D6-43A9-BEEC-12B0E4C11EF6}.Release|Any CPU.ActiveCfg = Release|Any CPU
		{4CA3BC1C-F2D6-43A9-BEEC-12B0E4C11EF6}.Release|Any CPU.Build.0 = Release|Any CPU
	EndGlobalSection
	GlobalSection(SolutionProperties) = preSolution
		HideSolutionNode = FALSE
	EndGlobalSection
	GlobalSection(ExtensibilityGlobals) = postSolution
		SolutionGuid = {F8E7F709-9F23-44CF-8917-24A3B90C85B4}
	EndGlobalSection
EndGlobal
